
Microsoft Visual Studio Solution File, Format Version 12.00
# Visual Studio Version 16
VisualStudioVersion = 16.0.33529.622
MinimumVisualStudioVersion = 10.0.40219.1
Project("{FAE04EC0-301F-11D3-BF4B-00C04F79EFBC}") = "Challenge2", "Challenge2\Challenge2.csproj", "{CD333F69-B7A0-4AFB-B8BC-31CFEF33FB6F}"
EndProject
Global
	GlobalSection(SolutionConfigurationPlatforms) = preSolution
		Debug|Any CPU = Debug|Any CPU
		Release|Any CPU = Release|Any CPU
	EndGlobalSection
	GlobalSection(ProjectConfigurationPlatforms) = postSolution
		{CD333F69-B7A0-4AFB-B8BC-31CFEF33FB6F}.Debug|Any CPU.ActiveCfg = Debug|Any CPU
		{CD333F69-B7A0-4AFB-B8BC-31CFEF33FB6F}.Debug|Any CPU.Build.0 = Debug|Any CPU
		{CD333F69-B7A0-4AFB-B8BC-31CFEF33FB6F}.Release|Any CPU.ActiveCfg = Release|Any CPU
		{CD333F69-B7A0-4AFB-B8BC-31CFEF33FB6F}.Release|Any CPU.Build.0 = Release|Any CPU
	EndGlobalSection
	GlobalSection(SolutionProperties) = preSolution
		HideSolutionNode = FALSE
	EndGlobalSection
	GlobalSection(ExtensibilityGlobals) = postSolution
		SolutionGuid = {EEEFF197-7E71-4094-AA77-9C806CFA64DD}
	EndGlobalSection
EndGlobal
