
Microsoft Visual Studio Solution File, Format Version 12.00
# Visual Studio Version 16
VisualStudioVersion = 16.0.33529.622
MinimumVisualStudioVersion = 10.0.40219.1
Project("{FAE04EC0-301F-11D3-BF4B-00C04F79EFBC}") = "Student Management System", "Student Management System\Student Management System.csproj", "{D1427426-5ED4-4F14-BDD7-0CA1FD86088C}"
EndProject
Global
	GlobalSection(SolutionConfigurationPlatforms) = preSolution
		Debug|Any CPU = Debug|Any CPU
		Release|Any CPU = Release|Any CPU
	EndGlobalSection
	GlobalSection(ProjectConfigurationPlatforms) = postSolution
		{D1427426-5ED4-4F14-BDD7-0CA1FD86088C}.Debug|Any CPU.ActiveCfg = Debug|Any CPU
		{D1427426-5ED4-4F14-BDD7-0CA1FD86088C}.Debug|Any CPU.Build.0 = Debug|Any CPU
		{D1427426-5ED4-4F14-BDD7-0CA1FD86088C}.Release|Any CPU.ActiveCfg = Release|Any CPU
		{D1427426-5ED4-4F14-BDD7-0CA1FD86088C}.Release|Any CPU.Build.0 = Release|Any CPU
	EndGlobalSection
	GlobalSection(SolutionProperties) = preSolution
		HideSolutionNode = FALSE
	EndGlobalSection
	GlobalSection(ExtensibilityGlobals) = postSolution
		SolutionGuid = {6CCC6C01-2C2D-4372-9CC4-4F5CBED9E597}
	EndGlobalSection
EndGlobal
