
Microsoft Visual Studio Solution File, Format Version 12.00
# Visual Studio Version 16
VisualStudioVersion = 16.0.33529.622
MinimumVisualStudioVersion = 10.0.40219.1
Project("{FAE04EC0-301F-11D3-BF4B-00C04F79EFBC}") = "Challenge1", "Challenge1\Challenge1.csproj", "{6AA055E5-EE1A-4B3C-B80E-F9265A157F3B}"
EndProject
Global
	GlobalSection(SolutionConfigurationPlatforms) = preSolution
		Debug|Any CPU = Debug|Any CPU
		Release|Any CPU = Release|Any CPU
	EndGlobalSection
	GlobalSection(ProjectConfigurationPlatforms) = postSolution
		{6AA055E5-EE1A-4B3C-B80E-F9265A157F3B}.Debug|Any CPU.ActiveCfg = Debug|Any CPU
		{6AA055E5-EE1A-4B3C-B80E-F9265A157F3B}.Debug|Any CPU.Build.0 = Debug|Any CPU
		{6AA055E5-EE1A-4B3C-B80E-F9265A157F3B}.Release|Any CPU.ActiveCfg = Release|Any CPU
		{6AA055E5-EE1A-4B3C-B80E-F9265A157F3B}.Release|Any CPU.Build.0 = Release|Any CPU
	EndGlobalSection
	GlobalSection(SolutionProperties) = preSolution
		HideSolutionNode = FALSE
	EndGlobalSection
	GlobalSection(ExtensibilityGlobals) = postSolution
		SolutionGuid = {80AC29EA-237A-47BE-B830-2C0FD21D5925}
	EndGlobalSection
EndGlobal
