
Microsoft Visual Studio Solution File, Format Version 12.00
# Visual Studio Version 16
VisualStudioVersion = 16.0.33529.622
MinimumVisualStudioVersion = 10.0.40219.1
Project("{FAE04EC0-301F-11D3-BF4B-00C04F79EFBC}") = "Task1", "Task1\Task1.csproj", "{237C90D5-E556-4105-925E-10F2C8E6E823}"
EndProject
Global
	GlobalSection(SolutionConfigurationPlatforms) = preSolution
		Debug|Any CPU = Debug|Any CPU
		Release|Any CPU = Release|Any CPU
	EndGlobalSection
	GlobalSection(ProjectConfigurationPlatforms) = postSolution
		{237C90D5-E556-4105-925E-10F2C8E6E823}.Debug|Any CPU.ActiveCfg = Debug|Any CPU
		{237C90D5-E556-4105-925E-10F2C8E6E823}.Debug|Any CPU.Build.0 = Debug|Any CPU
		{237C90D5-E556-4105-925E-10F2C8E6E823}.Release|Any CPU.ActiveCfg = Release|Any CPU
		{237C90D5-E556-4105-925E-10F2C8E6E823}.Release|Any CPU.Build.0 = Release|Any CPU
	EndGlobalSection
	GlobalSection(SolutionProperties) = preSolution
		HideSolutionNode = FALSE
	EndGlobalSection
	GlobalSection(ExtensibilityGlobals) = postSolution
		SolutionGuid = {E2A78CF9-CEF4-4B37-9FD3-C1B5F1EA34DD}
	EndGlobalSection
EndGlobal
