
Microsoft Visual Studio Solution File, Format Version 12.00
# Visual Studio Version 16
VisualStudioVersion = 16.0.33529.622
MinimumVisualStudioVersion = 10.0.40219.1
Project("{FAE04EC0-301F-11D3-BF4B-00C04F79EFBC}") = "P2", "P2\P2.csproj", "{AA44B48B-6CE5-4DB0-8856-9C3BD8C098E5}"
EndProject
Global
	GlobalSection(SolutionConfigurationPlatforms) = preSolution
		Debug|Any CPU = Debug|Any CPU
		Release|Any CPU = Release|Any CPU
	EndGlobalSection
	GlobalSection(ProjectConfigurationPlatforms) = postSolution
		{AA44B48B-6CE5-4DB0-8856-9C3BD8C098E5}.Debug|Any CPU.ActiveCfg = Debug|Any CPU
		{AA44B48B-6CE5-4DB0-8856-9C3BD8C098E5}.Debug|Any CPU.Build.0 = Debug|Any CPU
		{AA44B48B-6CE5-4DB0-8856-9C3BD8C098E5}.Release|Any CPU.ActiveCfg = Release|Any CPU
		{AA44B48B-6CE5-4DB0-8856-9C3BD8C098E5}.Release|Any CPU.Build.0 = Release|Any CPU
	EndGlobalSection
	GlobalSection(SolutionProperties) = preSolution
		HideSolutionNode = FALSE
	EndGlobalSection
	GlobalSection(ExtensibilityGlobals) = postSolution
		SolutionGuid = {A81FE48A-7B03-4544-AA7F-DA59EA56EF9D}
	EndGlobalSection
EndGlobal
